
Microsoft Visual Studio Solution File, Format Version 12.00
# Visual Studio 2012
Project("{FAE04EC0-301F-11D3-BF4B-00C04F79EFBC}") = "CaryCrimes", "CaryCrimes\CaryCrimes.csproj", "{B20CF790-425B-40D8-AAD0-0CCF7B51B6D1}"
EndProject
Project("{FAE04EC0-301F-11D3-BF4B-00C04F79EFBC}") = "CaryCrimes.Tests", "CaryCrimes.Tests\CaryCrimes.Tests.csproj", "{C43FC76C-5BF4-49C6-B9CB-CD74F8E394F3}"
EndProject
Global
	GlobalSection(SolutionConfigurationPlatforms) = preSolution
		Debug|Any CPU = Debug|Any CPU
		Release|Any CPU = Release|Any CPU
	EndGlobalSection
	GlobalSection(ProjectConfigurationPlatforms) = postSolution
		{B20CF790-425B-40D8-AAD0-0CCF7B51B6D1}.Debug|Any CPU.ActiveCfg = Debug|Any CPU
		{B20CF790-425B-40D8-AAD0-0CCF7B51B6D1}.Debug|Any CPU.Build.0 = Debug|Any CPU
		{B20CF790-425B-40D8-AAD0-0CCF7B51B6D1}.Release|Any CPU.ActiveCfg = Release|Any CPU
		{B20CF790-425B-40D8-AAD0-0CCF7B51B6D1}.Release|Any CPU.Build.0 = Release|Any CPU
		{C43FC76C-5BF4-49C6-B9CB-CD74F8E394F3}.Debug|Any CPU.ActiveCfg = Debug|Any CPU
		{C43FC76C-5BF4-49C6-B9CB-CD74F8E394F3}.Debug|Any CPU.Build.0 = Debug|Any CPU
		{C43FC76C-5BF4-49C6-B9CB-CD74F8E394F3}.Release|Any CPU.ActiveCfg = Release|Any CPU
		{C43FC76C-5BF4-49C6-B9CB-CD74F8E394F3}.Release|Any CPU.Build.0 = Release|Any CPU
	EndGlobalSection
	GlobalSection(SolutionProperties) = preSolution
		HideSolutionNode = FALSE
	EndGlobalSection
EndGlobal
